
Microsoft Visual Studio Solution File, Format Version 12.00
Project("{FAE04EC0-301F-11D3-BF4B-00C04F79EFBC}") = "Estacionametno", "Estacionametno\Estacionametno.csproj", "{527956CD-91B3-41C9-AC09-3049105A8B61}"
EndProject
Global
	GlobalSection(SolutionConfigurationPlatforms) = preSolution
		Debug|Any CPU = Debug|Any CPU
		Release|Any CPU = Release|Any CPU
	EndGlobalSection
	GlobalSection(ProjectConfigurationPlatforms) = postSolution
		{527956CD-91B3-41C9-AC09-3049105A8B61}.Debug|Any CPU.ActiveCfg = Debug|Any CPU
		{527956CD-91B3-41C9-AC09-3049105A8B61}.Debug|Any CPU.Build.0 = Debug|Any CPU
		{527956CD-91B3-41C9-AC09-3049105A8B61}.Release|Any CPU.ActiveCfg = Release|Any CPU
		{527956CD-91B3-41C9-AC09-3049105A8B61}.Release|Any CPU.Build.0 = Release|Any CPU
	EndGlobalSection
EndGlobal
